{
  "version": "4",
  "remote": {
    "https://esm.sh/@supabase/supabase-js@2.45.0": "36ae57c3f2dc3f94fd122a846b40a87114d29bb2f47e910cb46bee5575febf2e",
    "https://esm.sh/aws4fetch@1.0.20": "72c2789ab2e7a037ed00c4230574ccc31a0c0cebc7ebd19a2c9da574e3133bc7"
  },
  "workspace": {
    "packageJson": {
      "dependencies": [
        "npm:@aws-sdk/client-s3@^3.549.0",
        "npm:bcrypt@5.1.1",
        "npm:cors@2.8.5",
        "npm:dotenv@16.3.1",
        "npm:express@4.18.2",
        "npm:jest@^29.7.0",
        "npm:jsonwebtoken@^9.0.2",
        "npm:jszip@^3.10.1",
        "npm:mercadopago@^2.0.6",
        "npm:multer@^1.4.5-lts.1",
        "npm:nodemon@^3.0.2",
        "npm:pg@^8.23.0",
        "npm:resend@^2.1.0",
        "npm:supertest@^6.3.4",
        "npm:zod@3.22.4"
      ]
    }
  }
}
